<?xml version="1.0"?>
<CONFIG>
  <ProjectOptions>
    <Version Value="9"/>
    <General>
      <MainUnit Value="0"/>
      <Title Value="Clock"/>
      <ResourceType Value="res"/>
      <UseXPManifest Value="True"/>
      <Icon Value="0"/>
      <ActiveWindowIndexAtStart Value="0"/>
    </General>
    <i18n>
      <EnableI18N LFM="False"/>
    </i18n>
    <VersionInfo>
      <StringTable ProductVersion=""/>
    </VersionInfo>
    <BuildModes Count="3" Active="debug">
      <Item1 Name="debug" Default="True"/>
      <Item2 Name="i386">
        <CompilerOptions>
          <Version Value="11"/>
          <Target>
            <Filename Value="i386/Clock"/>
          </Target>
          <SearchPaths>
            <IncludeFiles Value="$(ProjOutDir)"/>
            <OtherUnitFiles Value="synapse/source/lib"/>
            <UnitOutputDirectory Value="lib/$(TargetCPU)-$(TargetOS)"/>
          </SearchPaths>
          <CodeGeneration>
            <SmartLinkUnit Value="True"/>
            <TargetCPU Value="i386"/>
            <TargetOS Value="linux"/>
            <Optimizations>
              <VariablesInRegisters Value="True"/>
              <OptimizationLevel Value="3"/>
            </Optimizations>
          </CodeGeneration>
          <Linking>
            <Debugging>
              <GenerateDebugInfo Value="False"/>
              <UseLineInfoUnit Value="False"/>
              <StripSymbols Value="True"/>
            </Debugging>
            <LinkSmart Value="True"/>
            <Options>
              <LinkerOptions Value="-L/home/shaun/lazarus/fpc/libcross"/>
              <Win32>
                <GraphicApplication Value="True"/>
              </Win32>
            </Options>
          </Linking>
          <Other>
            <CompilerMessages>
              <UseMsgFile Value="True"/>
            </CompilerMessages>
            <CompilerPath Value="$(CompPath)"/>
            <ExecuteAfter>
              <Command Value="arm-linux-strip -s /home/shaun/Projects/Clock/Clock"/>
              <CompileReasons Compile="False" Build="False" Run="False"/>
            </ExecuteAfter>
          </Other>
        </CompilerOptions>
      </Item2>
      <Item3 Name="arm">
        <CompilerOptions>
          <Version Value="11"/>
          <Target>
            <Filename Value="arm/Clock"/>
          </Target>
          <SearchPaths>
            <IncludeFiles Value="$(ProjOutDir)"/>
            <OtherUnitFiles Value="synapse/source/lib"/>
            <UnitOutputDirectory Value="lib/$(TargetCPU)-$(TargetOS)"/>
          </SearchPaths>
          <CodeGeneration>
            <SmartLinkUnit Value="True"/>
            <StackSize Value="65536"/>
            <TargetCPU Value="arm"/>
            <TargetOS Value="linux"/>
            <Optimizations>
              <VariablesInRegisters Value="True"/>
              <OptimizationLevel Value="3"/>
            </Optimizations>
          </CodeGeneration>
          <Linking>
            <Debugging>
              <GenerateDebugInfo Value="False"/>
              <UseLineInfoUnit Value="False"/>
            </Debugging>
            <LinkSmart Value="True"/>
            <Options>
              <PassLinkerOptions Value="True"/>
              <LinkerOptions Value="-L/home/shaun/lazarus/fpc/libcross"/>
              <Win32>
                <GraphicApplication Value="True"/>
              </Win32>
            </Options>
          </Linking>
          <Other>
            <CompilerMessages>
              <UseMsgFile Value="True"/>
            </CompilerMessages>
            <CustomOptions Value="-XParm-linux-"/>
            <CompilerPath Value="$(CompPath)"/>
            <ExecuteAfter>
              <Command Value="arm-linux-strip -s /home/shaun/Projects/lazarus/Clock/arm/Clock"/>
              <CompileReasons Run="False"/>
            </ExecuteAfter>
          </Other>
        </CompilerOptions>
      </Item3>
    </BuildModes>
    <PublishOptions>
      <Version Value="2"/>
      <IncludeFileFilter Value="*.(pas|pp|inc|lfm|lpr|lrs|lpi|lpk|sh|xml)"/>
      <ExcludeFileFilter Value="*.(bak|ppu|o|so);*~;backup"/>
    </PublishOptions>
    <RunParams>
      <local>
        <FormatVersion Value="1"/>
        <LaunchingApplication PathPlusParams="/usr/bin/xterm -T 'Lazarus Run Output' -e $(LazarusDir)/tools/runwait.sh $(TargetCmdLine)"/>
      </local>
    </RunParams>
    <RequiredPackages Count="2">
      <Item1>
        <PackageName Value="RunTimeTypeInfoControls"/>
        <MinVersion Minor="1" Valid="True"/>
      </Item1>
      <Item2>
        <PackageName Value="LCL"/>
      </Item2>
    </RequiredPackages>
    <Units Count="45">
      <Unit0>
        <Filename Value="Clock.lpr"/>
        <IsPartOfProject Value="True"/>
        <UnitName Value="Clock"/>
        <WindowIndex Value="0"/>
        <TopLine Value="1"/>
        <CursorPos X="41" Y="17"/>
        <UsageCount Value="241"/>
      </Unit0>
      <Unit1>
        <Filename Value="clockmain.pas"/>
        <IsPartOfProject Value="True"/>
        <ComponentName Value="frmClockMain"/>
        <HasResources Value="True"/>
        <ResourceBaseClass Value="Form"/>
        <UnitName Value="ClockMain"/>
        <IsVisibleTab Value="True"/>
        <EditorIndex Value="8"/>
        <WindowIndex Value="0"/>
        <TopLine Value="1"/>
        <CursorPos X="20" Y="26"/>
        <UsageCount Value="241"/>
        <Loaded Value="True"/>
        <LoadedDesigner Value="True"/>
      </Unit1>
      <Unit2>
        <Filename Value="/usr/share/fpcsrc/2.4.4/rtl/objpas/sysutils/datih.inc"/>
        <WindowIndex Value="0"/>
        <TopLine Value="101"/>
        <CursorPos X="19" Y="117"/>
        <UsageCount Value="5"/>
      </Unit2>
      <Unit3>
        <Filename Value="/usr/lib/lazarus/0.9.30/components/lnet/lib/lhttp.pp"/>
        <UnitName Value="lhttp"/>
        <WindowIndex Value="0"/>
        <TopLine Value="126"/>
        <CursorPos X="18" Y="141"/>
        <UsageCount Value="5"/>
      </Unit3>
      <Unit4>
        <Filename Value="metoffice.pas"/>
        <IsPartOfProject Value="True"/>
        <UnitName Value="MetOffice"/>
        <WindowIndex Value="0"/>
        <TopLine Value="4"/>
        <CursorPos X="2" Y="13"/>
        <UsageCount Value="239"/>
      </Unit4>
      <Unit5>
        <Filename Value="/usr/share/fpcsrc/2.4.4/packages/fcl-xml/src/xmlread.pp"/>
        <UnitName Value="XMLRead"/>
        <WindowIndex Value="0"/>
        <TopLine Value="38"/>
        <CursorPos X="45" Y="44"/>
        <UsageCount Value="2"/>
      </Unit5>
      <Unit6>
        <Filename Value="/usr/lib/lazarus/0.9.30/lcl/include/picture.inc"/>
        <WindowIndex Value="0"/>
        <TopLine Value="526"/>
        <CursorPos X="2" Y="527"/>
        <UsageCount Value="10"/>
      </Unit6>
      <Unit7>
        <Filename Value="alarm.pas"/>
        <IsPartOfProject Value="True"/>
        <UnitName Value="alarm"/>
        <WindowIndex Value="0"/>
        <TopLine Value="1"/>
        <CursorPos X="5" Y="33"/>
        <UsageCount Value="219"/>
      </Unit7>
      <Unit8>
        <Filename Value="clocksettings.pas"/>
        <IsPartOfProject Value="True"/>
        <ComponentName Value="frmClockSettings"/>
        <HasResources Value="True"/>
        <ResourceBaseClass Value="Form"/>
        <UnitName Value="ClockSettings"/>
        <EditorIndex Value="11"/>
        <WindowIndex Value="0"/>
        <TopLine Value="111"/>
        <CursorPos X="34" Y="127"/>
        <UsageCount Value="216"/>
        <Loaded Value="True"/>
        <LoadedDesigner Value="True"/>
      </Unit8>
      <Unit9>
        <Filename Value="synapse/source/lib/synafpc.pas"/>
        <UnitName Value="synafpc"/>
        <WindowIndex Value="0"/>
        <TopLine Value="108"/>
        <CursorPos X="1" Y="131"/>
        <UsageCount Value="10"/>
      </Unit9>
      <Unit10>
        <Filename Value="reminders.pas"/>
        <IsPartOfProject Value="True"/>
        <ComponentName Value="frmReminders"/>
        <ResourceBaseClass Value="Form"/>
        <UnitName Value="Reminders"/>
        <EditorIndex Value="9"/>
        <WindowIndex Value="0"/>
        <TopLine Value="345"/>
        <CursorPos X="41" Y="344"/>
        <UsageCount Value="201"/>
        <Loaded Value="True"/>
      </Unit10>
      <Unit11>
        <Filename Value="datepicker.pas"/>
        <IsPartOfProject Value="True"/>
        <ComponentName Value="frmDatePicker"/>
        <ResourceBaseClass Value="Form"/>
        <UnitName Value="DatePicker"/>
        <WindowIndex Value="0"/>
        <TopLine Value="21"/>
        <CursorPos X="58" Y="30"/>
        <UsageCount Value="200"/>
      </Unit11>
      <Unit12>
        <Filename Value="reminderlist.pas"/>
        <IsPartOfProject Value="True"/>
        <ComponentName Value="frmReminderList"/>
        <ResourceBaseClass Value="Form"/>
        <UnitName Value="ReminderList"/>
        <WindowIndex Value="0"/>
        <TopLine Value="1"/>
        <CursorPos X="61" Y="12"/>
        <UsageCount Value="241"/>
      </Unit12>
      <Unit13>
        <Filename Value="/usr/share/fpcsrc/2.6.0/rtl/objpas/classes/classesh.inc"/>
        <WindowIndex Value="0"/>
        <TopLine Value="98"/>
        <CursorPos X="29" Y="103"/>
        <UsageCount Value="1"/>
        <DefaultSyntaxHighlighter Value="Delphi"/>
      </Unit13>
      <Unit14>
        <Filename Value="findthread.pas"/>
        <IsPartOfProject Value="True"/>
        <UnitName Value="FindThread"/>
        <WindowIndex Value="0"/>
        <TopLine Value="41"/>
        <CursorPos X="50" Y="58"/>
        <UsageCount Value="233"/>
      </Unit14>
      <Unit15>
        <Filename Value="music.pas"/>
        <IsPartOfProject Value="True"/>
        <UnitName Value="music"/>
        <EditorIndex Value="10"/>
        <WindowIndex Value="0"/>
        <TopLine Value="331"/>
        <CursorPos X="16" Y="363"/>
        <UsageCount Value="233"/>
        <Loaded Value="True"/>
      </Unit15>
      <Unit16>
        <Filename Value="/usr/share/fpcsrc/2.6.0/packages/fcl-process/src/process.pp"/>
        <UnitName Value="process"/>
        <EditorIndex Value="3"/>
        <WindowIndex Value="0"/>
        <TopLine Value="25"/>
        <CursorPos X="1" Y="1"/>
        <UsageCount Value="47"/>
        <Loaded Value="True"/>
        <DefaultSyntaxHighlighter Value="Delphi"/>
      </Unit16>
      <Unit17>
        <Filename Value="id3engine.pas"/>
        <UnitName Value="ID3Engine"/>
        <WindowIndex Value="0"/>
        <TopLine Value="524"/>
        <CursorPos X="26" Y="542"/>
        <UsageCount Value="90"/>
      </Unit17>
      <Unit18>
        <Filename Value="sync.pas"/>
        <IsPartOfProject Value="True"/>
        <UnitName Value="sync"/>
        <WindowIndex Value="0"/>
        <TopLine Value="26"/>
        <CursorPos X="1" Y="49"/>
        <UsageCount Value="225"/>
      </Unit18>
      <Unit19>
        <Filename Value="udpclient.pas"/>
        <IsPartOfProject Value="True"/>
        <UnitName Value="udpclient"/>
        <WindowIndex Value="0"/>
        <TopLine Value="64"/>
        <CursorPos X="31" Y="68"/>
        <UsageCount Value="225"/>
      </Unit19>
      <Unit20>
        <Filename Value="udpserver.pas"/>
        <IsPartOfProject Value="True"/>
        <UnitName Value="udpserver"/>
        <WindowIndex Value="0"/>
        <TopLine Value="45"/>
        <CursorPos X="1" Y="83"/>
        <UsageCount Value="225"/>
      </Unit20>
      <Unit21>
        <Filename Value="../../../lazarus/fpc/2.6.0/rtl/objpas/sysutils/sysstr.inc"/>
        <WindowIndex Value="0"/>
        <TopLine Value="794"/>
        <CursorPos X="1" Y="806"/>
        <UsageCount Value="1"/>
        <DefaultSyntaxHighlighter Value="Delphi"/>
      </Unit21>
      <Unit22>
        <Filename Value="processlinetalk.pas"/>
        <IsPartOfProject Value="True"/>
        <UnitName Value="ProcessLineTalk"/>
        <WindowIndex Value="0"/>
        <TopLine Value="69"/>
        <CursorPos X="8" Y="81"/>
        <UsageCount Value="200"/>
      </Unit22>
      <Unit23>
        <Filename Value="musicplayer.pas"/>
        <IsPartOfProject Value="True"/>
        <UnitName Value="MusicPlayer"/>
        <EditorIndex Value="0"/>
        <WindowIndex Value="0"/>
        <TopLine Value="72"/>
        <CursorPos X="27" Y="95"/>
        <UsageCount Value="200"/>
        <Loaded Value="True"/>
      </Unit23>
      <Unit24>
        <Filename Value="../Clock.3.pre-net/music.pas"/>
        <UnitName Value="music"/>
        <WindowIndex Value="0"/>
        <TopLine Value="96"/>
        <CursorPos X="1" Y="108"/>
        <UsageCount Value="1"/>
      </Unit24>
      <Unit25>
        <Filename Value="/usr/share/fpcsrc/2.6.0/rtl/objpas/sysutils/sysutilh.inc"/>
        <WindowIndex Value="0"/>
        <TopLine Value="26"/>
        <CursorPos X="4" Y="38"/>
        <UsageCount Value="1"/>
        <DefaultSyntaxHighlighter Value="Delphi"/>
      </Unit25>
      <Unit26>
        <Filename Value="/usr/share/fpcsrc/2.6.0/rtl/objpas/sysutils/filutilh.inc"/>
        <WindowIndex Value="0"/>
        <TopLine Value="46"/>
        <CursorPos X="13" Y="56"/>
        <UsageCount Value="1"/>
        <DefaultSyntaxHighlighter Value="Delphi"/>
      </Unit26>
      <Unit27>
        <Filename Value="playlistcreator.pas"/>
        <IsPartOfProject Value="True"/>
        <ComponentName Value="frmPlaylist"/>
        <HasResources Value="True"/>
        <ResourceBaseClass Value="Form"/>
        <UnitName Value="PlaylistCreator"/>
        <WindowIndex Value="0"/>
        <TopLine Value="1"/>
        <CursorPos X="15" Y="8"/>
        <UsageCount Value="200"/>
      </Unit27>
      <Unit28>
        <Filename Value="/usr/share/fpcsrc/2.6.0/rtl/objpas/sysutils/osutilsh.inc"/>
        <WindowIndex Value="0"/>
        <TopLine Value="8"/>
        <CursorPos X="26" Y="39"/>
        <UsageCount Value="52"/>
        <DefaultSyntaxHighlighter Value="Delphi"/>
      </Unit28>
      <Unit29>
        <Filename Value="udpcommandserver.pas"/>
        <IsPartOfProject Value="True"/>
        <UnitName Value="udpcommandserver"/>
        <WindowIndex Value="0"/>
        <TopLine Value="168"/>
        <CursorPos X="47" Y="205"/>
        <UsageCount Value="194"/>
      </Unit29>
      <Unit30>
        <Filename Value="../../../lazarus/lcl/include/wincontrol.inc"/>
        <WindowIndex Value="0"/>
        <TopLine Value="5482"/>
        <CursorPos X="1" Y="5500"/>
        <UsageCount Value="10"/>
        <DefaultSyntaxHighlighter Value="Delphi"/>
      </Unit30>
      <Unit31>
        <Filename Value="/usr/share/fpcsrc/2.6.0/packages/x11/src/xlib.pp"/>
        <UnitName Value="xlib"/>
        <WindowIndex Value="0"/>
        <TopLine Value="799"/>
        <CursorPos X="4" Y="806"/>
        <UsageCount Value="10"/>
        <DefaultSyntaxHighlighter Value="Delphi"/>
      </Unit31>
      <Unit32>
        <Filename Value="../../../lazarus/lcl/include/customform.inc"/>
        <WindowIndex Value="0"/>
        <TopLine Value="2806"/>
        <CursorPos X="1" Y="2831"/>
        <UsageCount Value="11"/>
        <DefaultSyntaxHighlighter Value="Delphi"/>
      </Unit32>
      <Unit33>
        <Filename Value="../../../lazarus/fpc/2.6.0/rtl/i386/i386.inc"/>
        <WindowIndex Value="0"/>
        <TopLine Value="1586"/>
        <CursorPos X="1" Y="1607"/>
        <UsageCount Value="10"/>
        <DefaultSyntaxHighlighter Value="Delphi"/>
      </Unit33>
      <Unit34>
        <Filename Value="synapse/source/lib/blcksock.pas"/>
        <UnitName Value="blcksock"/>
        <WindowIndex Value="0"/>
        <TopLine Value="183"/>
        <CursorPos X="85" Y="205"/>
        <UsageCount Value="10"/>
      </Unit34>
      <Unit35>
        <Filename Value="ID3v1Library.pas"/>
        <UnitName Value="ID3v1Library"/>
        <EditorIndex Value="7"/>
        <WindowIndex Value="0"/>
        <TopLine Value="37"/>
        <CursorPos X="25" Y="43"/>
        <UsageCount Value="12"/>
        <Loaded Value="True"/>
      </Unit35>
      <Unit36>
        <Filename Value="ID3v2Library.pas"/>
        <UnitName Value="ID3v2Library"/>
        <EditorIndex Value="6"/>
        <WindowIndex Value="0"/>
        <TopLine Value="2313"/>
        <CursorPos X="24" Y="2333"/>
        <UsageCount Value="12"/>
        <Loaded Value="True"/>
      </Unit36>
      <Unit37>
        <Filename Value="/usr/share/fpcsrc/2.6.0/packages/zlib/src/zlib.pp"/>
        <UnitName Value="zlib"/>
        <WindowIndex Value="0"/>
        <TopLine Value="1"/>
        <CursorPos X="1" Y="1"/>
        <UsageCount Value="10"/>
        <DefaultSyntaxHighlighter Value="Delphi"/>
      </Unit37>
      <Unit38>
        <Filename Value="ZLibEx.pas"/>
        <UnitName Value="ZLibEx"/>
        <WindowIndex Value="0"/>
        <TopLine Value="124"/>
        <CursorPos X="1" Y="1"/>
        <UsageCount Value="10"/>
      </Unit38>
      <Unit39>
        <Filename Value="../../../lazarus/lcl/lclproc.pas"/>
        <UnitName Value="LCLProc"/>
        <EditorIndex Value="5"/>
        <WindowIndex Value="0"/>
        <TopLine Value="326"/>
        <CursorPos X="10" Y="345"/>
        <UsageCount Value="11"/>
        <Loaded Value="True"/>
      </Unit39>
      <Unit40>
        <Filename Value="../../../lazarus/components/lazutils/lazutf8.pas"/>
        <UnitName Value="LazUTF8"/>
        <WindowIndex Value="0"/>
        <TopLine Value="25"/>
        <CursorPos X="1" Y="1"/>
        <UsageCount Value="10"/>
      </Unit40>
      <Unit41>
        <Filename Value="/usr/share/fpcsrc/2.6.0/rtl/inc/ustringh.inc"/>
        <EditorIndex Value="2"/>
        <WindowIndex Value="0"/>
        <TopLine Value="88"/>
        <CursorPos X="10" Y="107"/>
        <UsageCount Value="11"/>
        <Loaded Value="True"/>
        <DefaultSyntaxHighlighter Value="Delphi"/>
      </Unit41>
      <Unit42>
        <Filename Value="/usr/share/fpcsrc/2.6.0/rtl/unix/sysutils.pp"/>
        <UnitName Value="sysutils"/>
        <WindowIndex Value="0"/>
        <TopLine Value="22"/>
        <CursorPos X="1" Y="1"/>
        <UsageCount Value="10"/>
        <DefaultSyntaxHighlighter Value="Delphi"/>
      </Unit42>
      <Unit43>
        <Filename Value="/usr/share/fpcsrc/2.6.0/rtl/unix/classes.pp"/>
        <UnitName Value="Classes"/>
        <EditorIndex Value="4"/>
        <WindowIndex Value="0"/>
        <TopLine Value="1"/>
        <CursorPos X="1" Y="1"/>
        <UsageCount Value="10"/>
        <Loaded Value="True"/>
        <DefaultSyntaxHighlighter Value="Delphi"/>
      </Unit43>
      <Unit44>
        <Filename Value="/usr/share/fpcsrc/2.6.0/rtl/inc/systemh.inc"/>
        <EditorIndex Value="1"/>
        <WindowIndex Value="0"/>
        <TopLine Value="301"/>
        <CursorPos X="35" Y="293"/>
        <UsageCount Value="10"/>
        <Loaded Value="True"/>
        <DefaultSyntaxHighlighter Value="Delphi"/>
      </Unit44>
    </Units>
    <JumpHistory Count="30" HistoryIndex="29">
      <Position1>
        <Filename Value="musicplayer.pas"/>
        <Caret Line="94" Column="21" TopLine="75"/>
      </Position1>
      <Position2>
        <Filename Value="musicplayer.pas"/>
        <Caret Line="13" Column="3" TopLine="1"/>
      </Position2>
      <Position3>
        <Filename Value="musicplayer.pas"/>
        <Caret Line="94" Column="21" TopLine="75"/>
      </Position3>
      <Position4>
        <Filename Value="musicplayer.pas"/>
        <Caret Line="13" Column="57" TopLine="12"/>
      </Position4>
      <Position5>
        <Filename Value="ID3v2Library.pas"/>
        <Caret Line="1" Column="1" TopLine="19"/>
      </Position5>
      <Position6>
        <Filename Value="ID3v2Library.pas"/>
        <Caret Line="278" Column="32" TopLine="248"/>
      </Position6>
      <Position7>
        <Filename Value="ID3v2Library.pas"/>
        <Caret Line="279" Column="32" TopLine="249"/>
      </Position7>
      <Position8>
        <Filename Value="ID3v2Library.pas"/>
        <Caret Line="2333" Column="26" TopLine="2307"/>
      </Position8>
      <Position9>
        <Filename Value="ID3v2Library.pas"/>
        <Caret Line="534" Column="11" TopLine="519"/>
      </Position9>
      <Position10>
        <Filename Value="musicplayer.pas"/>
        <Caret Line="94" Column="26" TopLine="75"/>
      </Position10>
      <Position11>
        <Filename Value="musicplayer.pas"/>
        <Caret Line="13" Column="18" TopLine="1"/>
      </Position11>
      <Position12>
        <Filename Value="ID3v2Library.pas"/>
        <Caret Line="534" Column="11" TopLine="519"/>
      </Position12>
      <Position13>
        <Filename Value="ID3v2Library.pas"/>
        <Caret Line="2260" Column="34" TopLine="2243"/>
      </Position13>
      <Position14>
        <Filename Value="ID3v2Library.pas"/>
        <Caret Line="2271" Column="29" TopLine="2243"/>
      </Position14>
      <Position15>
        <Filename Value="ID3v2Library.pas"/>
        <Caret Line="2333" Column="24" TopLine="2313"/>
      </Position15>
      <Position16>
        <Filename Value="musicplayer.pas"/>
        <Caret Line="13" Column="9" TopLine="1"/>
      </Position16>
      <Position17>
        <Filename Value="musicplayer.pas"/>
        <Caret Line="36" Column="30" TopLine="1"/>
      </Position17>
      <Position18>
        <Filename Value="musicplayer.pas"/>
        <Caret Line="13" Column="61" TopLine="1"/>
      </Position18>
      <Position19>
        <Filename Value="../../../lazarus/lcl/lclproc.pas"/>
        <Caret Line="42" Column="57" TopLine="19"/>
      </Position19>
      <Position20>
        <Filename Value="musicplayer.pas"/>
        <Caret Line="94" Column="30" TopLine="80"/>
      </Position20>
      <Position21>
        <Filename Value="musicplayer.pas"/>
        <Caret Line="80" Column="5" TopLine="76"/>
      </Position21>
      <Position22>
        <Filename Value="musicplayer.pas"/>
        <Caret Line="81" Column="15" TopLine="73"/>
      </Position22>
      <Position23>
        <Filename Value="musicplayer.pas"/>
        <Caret Line="98" Column="7" TopLine="73"/>
      </Position23>
      <Position24>
        <Filename Value="musicplayer.pas"/>
        <Caret Line="101" Column="14" TopLine="83"/>
      </Position24>
      <Position25>
        <Filename Value="musicplayer.pas"/>
        <Caret Line="79" Column="24" TopLine="75"/>
      </Position25>
      <Position26>
        <Filename Value="musicplayer.pas"/>
        <Caret Line="92" Column="54" TopLine="83"/>
      </Position26>
      <Position27>
        <Filename Value="musicplayer.pas"/>
        <Caret Line="91" Column="1" TopLine="83"/>
      </Position27>
      <Position28>
        <Filename Value="musicplayer.pas"/>
        <Caret Line="99" Column="1" TopLine="83"/>
      </Position28>
      <Position29>
        <Filename Value="musicplayer.pas"/>
        <Caret Line="102" Column="1" TopLine="83"/>
      </Position29>
      <Position30>
        <Filename Value="musicplayer.pas"/>
        <Caret Line="105" Column="1" TopLine="83"/>
      </Position30>
    </JumpHistory>
  </ProjectOptions>
  <CompilerOptions>
    <Version Value="11"/>
    <Target>
      <Filename Value="Clock"/>
    </Target>
    <SearchPaths>
      <IncludeFiles Value="$(ProjOutDir)"/>
      <OtherUnitFiles Value="synapse/source/lib"/>
      <UnitOutputDirectory Value="lib/$(TargetCPU)-$(TargetOS)"/>
    </SearchPaths>
    <CodeGeneration>
      <StackSize Value="65536"/>
      <Optimizations>
        <OptimizationLevel Value="0"/>
      </Optimizations>
    </CodeGeneration>
    <Linking>
      <Debugging>
        <DebugInfoType Value="dsDwarf2Set"/>
        <UseHeaptrc Value="True"/>
      </Debugging>
      <Options>
        <LinkerOptions Value="-L/home/shaun/lazarus/fpc/libcross"/>
      </Options>
    </Linking>
    <Other>
      <CompilerMessages>
        <UseMsgFile Value="True"/>
      </CompilerMessages>
      <CompilerPath Value="$(CompPath)"/>
      <ExecuteAfter>
        <Command Value="arm-linux-strip -s /home/shaun/Projects/Clock/Clock"/>
        <CompileReasons Compile="False" Build="False" Run="False"/>
      </ExecuteAfter>
    </Other>
  </CompilerOptions>
  <Debugging>
    <Exceptions Count="3">
      <Item1>
        <Name Value="EAbort"/>
      </Item1>
      <Item2>
        <Name Value="ECodetoolError"/>
      </Item2>
      <Item3>
        <Name Value="EFOpenError"/>
      </Item3>
    </Exceptions>
  </Debugging>
</CONFIG>
