<?xml version="1.0"?>
<CONFIG>
  <ProjectOptions>
    <Version Value="9"/>
    <General>
      <MainUnit Value="0"/>
      <Title Value="Clock"/>
      <ResourceType Value="res"/>
      <UseXPManifest Value="True"/>
      <Icon Value="0"/>
      <ActiveWindowIndexAtStart Value="0"/>
    </General>
    <i18n>
      <EnableI18N LFM="False"/>
    </i18n>
    <VersionInfo>
      <StringTable ProductVersion=""/>
    </VersionInfo>
    <BuildModes Count="3" Active="arm">
      <Item1 Name="debug" Default="True"/>
      <Item2 Name="i386">
        <CompilerOptions>
          <Version Value="9"/>
          <Target>
            <Filename Value="i386/Clock"/>
          </Target>
          <SearchPaths>
            <IncludeFiles Value="$(ProjOutDir)"/>
            <OtherUnitFiles Value="synapse/source/lib"/>
            <UnitOutputDirectory Value="lib/$(TargetCPU)-$(TargetOS)"/>
          </SearchPaths>
          <CodeGeneration>
            <SmartLinkUnit Value="True"/>
            <TargetCPU Value="i386"/>
            <TargetOS Value="linux"/>
            <Optimizations>
              <VariablesInRegisters Value="True"/>
              <OptimizationLevel Value="2"/>
            </Optimizations>
          </CodeGeneration>
          <Linking>
            <Debugging>
              <UseLineInfoUnit Value="False"/>
              <StripSymbols Value="True"/>
            </Debugging>
            <LinkSmart Value="True"/>
            <Options>
              <LinkerOptions Value="-L/home/shaun/lazarus/fpc/libcross"/>
              <Win32>
                <GraphicApplication Value="True"/>
              </Win32>
            </Options>
          </Linking>
          <Other>
            <CompilerMessages>
              <UseMsgFile Value="True"/>
            </CompilerMessages>
            <CompilerPath Value="$(CompPath)"/>
            <ExecuteAfter>
              <Command Value="arm-linux-strip -s /home/shaun/Projects/Clock/Clock"/>
              <CompileReasons Compile="False" Build="False" Run="False"/>
            </ExecuteAfter>
          </Other>
        </CompilerOptions>
      </Item2>
      <Item3 Name="arm">
        <CompilerOptions>
          <Version Value="9"/>
          <Target>
            <Filename Value="arm/Clock"/>
          </Target>
          <SearchPaths>
            <IncludeFiles Value="$(ProjOutDir)"/>
            <OtherUnitFiles Value="synapse/source/lib"/>
            <UnitOutputDirectory Value="lib/$(TargetCPU)-$(TargetOS)"/>
          </SearchPaths>
          <CodeGeneration>
            <SmartLinkUnit Value="True"/>
            <TargetCPU Value="arm"/>
            <TargetOS Value="linux"/>
            <Optimizations>
              <VariablesInRegisters Value="True"/>
              <OptimizationLevel Value="2"/>
            </Optimizations>
          </CodeGeneration>
          <Linking>
            <Debugging>
              <UseLineInfoUnit Value="False"/>
            </Debugging>
            <LinkSmart Value="True"/>
            <Options>
              <PassLinkerOptions Value="True"/>
              <LinkerOptions Value="-L/home/shaun/lazarus/fpc/libcross"/>
              <Win32>
                <GraphicApplication Value="True"/>
              </Win32>
            </Options>
          </Linking>
          <Other>
            <CompilerMessages>
              <UseMsgFile Value="True"/>
            </CompilerMessages>
            <CustomOptions Value="-XParm-linux-"/>
            <CompilerPath Value="$(CompPath)"/>
            <ExecuteAfter>
              <Command Value="arm-linux-strip -s /home/shaun/Projects/lazarus/Clock/arm/Clock"/>
              <CompileReasons Run="False"/>
            </ExecuteAfter>
          </Other>
        </CompilerOptions>
      </Item3>
    </BuildModes>
    <PublishOptions>
      <Version Value="2"/>
      <IncludeFileFilter Value="*.(pas|pp|inc|lfm|lpr|lrs|lpi|lpk|sh|xml)"/>
      <ExcludeFileFilter Value="*.(bak|ppu|o|so);*~;backup"/>
    </PublishOptions>
    <RunParams>
      <local>
        <FormatVersion Value="1"/>
        <LaunchingApplication PathPlusParams="/usr/bin/xterm -T 'Lazarus Run Output' -e $(LazarusDir)/tools/runwait.sh $(TargetCmdLine)"/>
      </local>
    </RunParams>
    <RequiredPackages Count="2">
      <Item1>
        <PackageName Value="RunTimeTypeInfoControls"/>
        <MinVersion Minor="1" Valid="True"/>
      </Item1>
      <Item2>
        <PackageName Value="LCL"/>
      </Item2>
    </RequiredPackages>
    <Units Count="32">
      <Unit0>
        <Filename Value="Clock.lpr"/>
        <IsPartOfProject Value="True"/>
        <UnitName Value="Clock"/>
        <EditorIndex Value="12"/>
        <WindowIndex Value="0"/>
        <TopLine Value="1"/>
        <CursorPos X="41" Y="17"/>
        <UsageCount Value="241"/>
        <Loaded Value="True"/>
      </Unit0>
      <Unit1>
        <Filename Value="clockmain.pas"/>
        <IsPartOfProject Value="True"/>
        <ComponentName Value="frmClockMain"/>
        <ResourceBaseClass Value="Form"/>
        <UnitName Value="ClockMain"/>
        <IsVisibleTab Value="True"/>
        <EditorIndex Value="0"/>
        <WindowIndex Value="0"/>
        <TopLine Value="721"/>
        <CursorPos X="10" Y="728"/>
        <UsageCount Value="241"/>
        <Loaded Value="True"/>
        <LoadedDesigner Value="True"/>
      </Unit1>
      <Unit2>
        <Filename Value="/usr/share/fpcsrc/2.4.4/rtl/objpas/sysutils/datih.inc"/>
        <WindowIndex Value="0"/>
        <TopLine Value="101"/>
        <CursorPos X="19" Y="117"/>
        <UsageCount Value="5"/>
      </Unit2>
      <Unit3>
        <Filename Value="/usr/lib/lazarus/0.9.30/components/lnet/lib/lhttp.pp"/>
        <UnitName Value="lhttp"/>
        <WindowIndex Value="0"/>
        <TopLine Value="126"/>
        <CursorPos X="18" Y="141"/>
        <UsageCount Value="5"/>
      </Unit3>
      <Unit4>
        <Filename Value="metoffice.pas"/>
        <IsPartOfProject Value="True"/>
        <UnitName Value="MetOffice"/>
        <EditorIndex Value="11"/>
        <WindowIndex Value="0"/>
        <TopLine Value="1"/>
        <CursorPos X="1" Y="499"/>
        <UsageCount Value="239"/>
        <Loaded Value="True"/>
      </Unit4>
      <Unit5>
        <Filename Value="/usr/share/fpcsrc/2.4.4/packages/fcl-xml/src/xmlread.pp"/>
        <UnitName Value="XMLRead"/>
        <WindowIndex Value="0"/>
        <TopLine Value="38"/>
        <CursorPos X="45" Y="44"/>
        <UsageCount Value="2"/>
      </Unit5>
      <Unit6>
        <Filename Value="/usr/lib/lazarus/0.9.30/lcl/include/picture.inc"/>
        <WindowIndex Value="0"/>
        <TopLine Value="526"/>
        <CursorPos X="2" Y="527"/>
        <UsageCount Value="10"/>
      </Unit6>
      <Unit7>
        <Filename Value="alarm.pas"/>
        <IsPartOfProject Value="True"/>
        <UnitName Value="alarm"/>
        <EditorIndex Value="8"/>
        <WindowIndex Value="0"/>
        <TopLine Value="1"/>
        <CursorPos X="5" Y="33"/>
        <UsageCount Value="219"/>
        <Loaded Value="True"/>
      </Unit7>
      <Unit8>
        <Filename Value="clocksettings.pas"/>
        <IsPartOfProject Value="True"/>
        <ComponentName Value="frmClockSettings"/>
        <ResourceBaseClass Value="Form"/>
        <UnitName Value="ClockSettings"/>
        <WindowIndex Value="0"/>
        <TopLine Value="15"/>
        <CursorPos X="11" Y="24"/>
        <UsageCount Value="216"/>
      </Unit8>
      <Unit9>
        <Filename Value="synapse/source/lib/synafpc.pas"/>
        <UnitName Value="synafpc"/>
        <WindowIndex Value="0"/>
        <TopLine Value="108"/>
        <CursorPos X="1" Y="131"/>
        <UsageCount Value="10"/>
      </Unit9>
      <Unit10>
        <Filename Value="reminders.pas"/>
        <IsPartOfProject Value="True"/>
        <ComponentName Value="frmReminders"/>
        <ResourceBaseClass Value="Form"/>
        <UnitName Value="Reminders"/>
        <EditorIndex Value="9"/>
        <WindowIndex Value="0"/>
        <TopLine Value="20"/>
        <CursorPos X="46" Y="38"/>
        <UsageCount Value="201"/>
        <Loaded Value="True"/>
      </Unit10>
      <Unit11>
        <Filename Value="datepicker.pas"/>
        <IsPartOfProject Value="True"/>
        <ComponentName Value="frmDatePicker"/>
        <ResourceBaseClass Value="Form"/>
        <UnitName Value="DatePicker"/>
        <WindowIndex Value="0"/>
        <TopLine Value="21"/>
        <CursorPos X="58" Y="30"/>
        <UsageCount Value="200"/>
      </Unit11>
      <Unit12>
        <Filename Value="reminderlist.pas"/>
        <IsPartOfProject Value="True"/>
        <ComponentName Value="frmReminderList"/>
        <ResourceBaseClass Value="Form"/>
        <UnitName Value="ReminderList"/>
        <WindowIndex Value="0"/>
        <TopLine Value="1"/>
        <CursorPos X="61" Y="12"/>
        <UsageCount Value="241"/>
      </Unit12>
      <Unit13>
        <Filename Value="/usr/share/fpcsrc/2.6.0/rtl/objpas/classes/classesh.inc"/>
        <WindowIndex Value="0"/>
        <TopLine Value="98"/>
        <CursorPos X="29" Y="103"/>
        <UsageCount Value="1"/>
        <DefaultSyntaxHighlighter Value="Delphi"/>
      </Unit13>
      <Unit14>
        <Filename Value="findthread.pas"/>
        <IsPartOfProject Value="True"/>
        <UnitName Value="FindThread"/>
        <EditorIndex Value="3"/>
        <WindowIndex Value="0"/>
        <TopLine Value="41"/>
        <CursorPos X="50" Y="58"/>
        <UsageCount Value="233"/>
        <Loaded Value="True"/>
      </Unit14>
      <Unit15>
        <Filename Value="music.pas"/>
        <IsPartOfProject Value="True"/>
        <UnitName Value="music"/>
        <EditorIndex Value="4"/>
        <WindowIndex Value="0"/>
        <TopLine Value="322"/>
        <CursorPos X="32" Y="340"/>
        <UsageCount Value="233"/>
        <Loaded Value="True"/>
      </Unit15>
      <Unit16>
        <Filename Value="/usr/share/fpcsrc/2.6.0/packages/fcl-process/src/process.pp"/>
        <UnitName Value="process"/>
        <WindowIndex Value="0"/>
        <TopLine Value="1"/>
        <CursorPos X="48" Y="24"/>
        <UsageCount Value="47"/>
        <DefaultSyntaxHighlighter Value="Delphi"/>
      </Unit16>
      <Unit17>
        <Filename Value="id3engine.pas"/>
        <UnitName Value="ID3Engine"/>
        <WindowIndex Value="0"/>
        <TopLine Value="524"/>
        <CursorPos X="26" Y="542"/>
        <UsageCount Value="90"/>
      </Unit17>
      <Unit18>
        <Filename Value="sync.pas"/>
        <IsPartOfProject Value="True"/>
        <UnitName Value="sync"/>
        <EditorIndex Value="7"/>
        <WindowIndex Value="0"/>
        <TopLine Value="1"/>
        <CursorPos X="1" Y="6"/>
        <UsageCount Value="225"/>
        <Loaded Value="True"/>
      </Unit18>
      <Unit19>
        <Filename Value="udpclient.pas"/>
        <IsPartOfProject Value="True"/>
        <UnitName Value="udpclient"/>
        <EditorIndex Value="5"/>
        <WindowIndex Value="0"/>
        <TopLine Value="1"/>
        <CursorPos X="39" Y="76"/>
        <UsageCount Value="225"/>
        <Loaded Value="True"/>
      </Unit19>
      <Unit20>
        <Filename Value="udpserver.pas"/>
        <IsPartOfProject Value="True"/>
        <UnitName Value="udpserver"/>
        <EditorIndex Value="6"/>
        <WindowIndex Value="0"/>
        <TopLine Value="1"/>
        <CursorPos X="1" Y="83"/>
        <UsageCount Value="225"/>
        <Loaded Value="True"/>
      </Unit20>
      <Unit21>
        <Filename Value="../../../lazarus/fpc/2.6.0/rtl/objpas/sysutils/sysstr.inc"/>
        <WindowIndex Value="0"/>
        <TopLine Value="794"/>
        <CursorPos X="1" Y="806"/>
        <UsageCount Value="1"/>
        <DefaultSyntaxHighlighter Value="Delphi"/>
      </Unit21>
      <Unit22>
        <Filename Value="processlinetalk.pas"/>
        <IsPartOfProject Value="True"/>
        <UnitName Value="ProcessLineTalk"/>
        <WindowIndex Value="0"/>
        <TopLine Value="69"/>
        <CursorPos X="8" Y="81"/>
        <UsageCount Value="200"/>
      </Unit22>
      <Unit23>
        <Filename Value="musicplayer.pas"/>
        <IsPartOfProject Value="True"/>
        <UnitName Value="MusicPlayer"/>
        <EditorIndex Value="10"/>
        <WindowIndex Value="0"/>
        <TopLine Value="102"/>
        <CursorPos X="7" Y="159"/>
        <UsageCount Value="200"/>
        <Loaded Value="True"/>
      </Unit23>
      <Unit24>
        <Filename Value="../Clock.3.pre-net/music.pas"/>
        <UnitName Value="music"/>
        <WindowIndex Value="0"/>
        <TopLine Value="96"/>
        <CursorPos X="1" Y="108"/>
        <UsageCount Value="1"/>
      </Unit24>
      <Unit25>
        <Filename Value="/usr/share/fpcsrc/2.6.0/rtl/objpas/sysutils/sysutilh.inc"/>
        <WindowIndex Value="0"/>
        <TopLine Value="26"/>
        <CursorPos X="4" Y="38"/>
        <UsageCount Value="1"/>
        <DefaultSyntaxHighlighter Value="Delphi"/>
      </Unit25>
      <Unit26>
        <Filename Value="/usr/share/fpcsrc/2.6.0/rtl/objpas/sysutils/filutilh.inc"/>
        <WindowIndex Value="0"/>
        <TopLine Value="46"/>
        <CursorPos X="13" Y="56"/>
        <UsageCount Value="1"/>
        <DefaultSyntaxHighlighter Value="Delphi"/>
      </Unit26>
      <Unit27>
        <Filename Value="playlistcreator.pas"/>
        <IsPartOfProject Value="True"/>
        <ComponentName Value="frmPlaylist"/>
        <ResourceBaseClass Value="Form"/>
        <UnitName Value="PlaylistCreator"/>
        <EditorIndex Value="2"/>
        <WindowIndex Value="0"/>
        <TopLine Value="1"/>
        <CursorPos X="70" Y="84"/>
        <UsageCount Value="188"/>
        <Loaded Value="True"/>
      </Unit27>
      <Unit28>
        <Filename Value="/usr/share/fpcsrc/2.6.0/rtl/objpas/sysutils/osutilsh.inc"/>
        <WindowIndex Value="0"/>
        <TopLine Value="8"/>
        <CursorPos X="26" Y="39"/>
        <UsageCount Value="52"/>
        <DefaultSyntaxHighlighter Value="Delphi"/>
      </Unit28>
      <Unit29>
        <Filename Value="udpcommandserver.pas"/>
        <IsPartOfProject Value="True"/>
        <UnitName Value="udpcommandserver"/>
        <EditorIndex Value="1"/>
        <WindowIndex Value="0"/>
        <TopLine Value="1"/>
        <CursorPos X="1" Y="167"/>
        <UsageCount Value="172"/>
        <Loaded Value="True"/>
      </Unit29>
      <Unit30>
        <Filename Value="../../../lazarus/lcl/include/wincontrol.inc"/>
        <WindowIndex Value="0"/>
        <TopLine Value="5482"/>
        <CursorPos X="1" Y="5500"/>
        <UsageCount Value="10"/>
        <DefaultSyntaxHighlighter Value="Delphi"/>
      </Unit30>
      <Unit31>
        <Filename Value="/usr/share/fpcsrc/2.6.0/packages/x11/src/xlib.pp"/>
        <UnitName Value="xlib"/>
        <WindowIndex Value="0"/>
        <TopLine Value="799"/>
        <CursorPos X="4" Y="806"/>
        <UsageCount Value="10"/>
        <DefaultSyntaxHighlighter Value="Delphi"/>
      </Unit31>
    </Units>
    <JumpHistory Count="30" HistoryIndex="29">
      <Position1>
        <Filename Value="playlistcreator.pas"/>
        <Caret Line="130" Column="1" TopLine="110"/>
      </Position1>
      <Position2>
        <Filename Value="playlistcreator.pas"/>
        <Caret Line="131" Column="1" TopLine="110"/>
      </Position2>
      <Position3>
        <Filename Value="music.pas"/>
        <Caret Line="271" Column="16" TopLine="249"/>
      </Position3>
      <Position4>
        <Filename Value="music.pas"/>
        <Caret Line="296" Column="16" TopLine="267"/>
      </Position4>
      <Position5>
        <Filename Value="music.pas"/>
        <Caret Line="1" Column="1" TopLine="1"/>
      </Position5>
      <Position6>
        <Filename Value="music.pas"/>
        <Caret Line="23" Column="25" TopLine="1"/>
      </Position6>
      <Position7>
        <Filename Value="music.pas"/>
        <Caret Line="79" Column="12" TopLine="50"/>
      </Position7>
      <Position8>
        <Filename Value="music.pas"/>
        <Caret Line="107" Column="12" TopLine="78"/>
      </Position8>
      <Position9>
        <Filename Value="music.pas"/>
        <Caret Line="216" Column="63" TopLine="187"/>
      </Position9>
      <Position10>
        <Filename Value="music.pas"/>
        <Caret Line="271" Column="16" TopLine="242"/>
      </Position10>
      <Position11>
        <Filename Value="music.pas"/>
        <Caret Line="296" Column="16" TopLine="267"/>
      </Position11>
      <Position12>
        <Filename Value="music.pas"/>
        <Caret Line="271" Column="16" TopLine="245"/>
      </Position12>
      <Position13>
        <Filename Value="music.pas"/>
        <Caret Line="6" Column="38" TopLine="1"/>
      </Position13>
      <Position14>
        <Filename Value="music.pas"/>
        <Caret Line="23" Column="25" TopLine="1"/>
      </Position14>
      <Position15>
        <Filename Value="music.pas"/>
        <Caret Line="79" Column="12" TopLine="50"/>
      </Position15>
      <Position16>
        <Filename Value="music.pas"/>
        <Caret Line="107" Column="12" TopLine="78"/>
      </Position16>
      <Position17>
        <Filename Value="music.pas"/>
        <Caret Line="216" Column="63" TopLine="198"/>
      </Position17>
      <Position18>
        <Filename Value="music.pas"/>
        <Caret Line="271" Column="16" TopLine="253"/>
      </Position18>
      <Position19>
        <Filename Value="music.pas"/>
        <Caret Line="296" Column="16" TopLine="278"/>
      </Position19>
      <Position20>
        <Filename Value="music.pas"/>
        <Caret Line="340" Column="32" TopLine="322"/>
      </Position20>
      <Position21>
        <Filename Value="playlistcreator.pas"/>
        <Caret Line="109" Column="25" TopLine="88"/>
      </Position21>
      <Position22>
        <Filename Value="playlistcreator.pas"/>
        <Caret Line="18" Column="40" TopLine="1"/>
      </Position22>
      <Position23>
        <Filename Value="playlistcreator.pas"/>
        <Caret Line="31" Column="15" TopLine="2"/>
      </Position23>
      <Position24>
        <Filename Value="playlistcreator.pas"/>
        <Caret Line="109" Column="25" TopLine="80"/>
      </Position24>
      <Position25>
        <Filename Value="playlistcreator.pas"/>
        <Caret Line="195" Column="13" TopLine="166"/>
      </Position25>
      <Position26>
        <Filename Value="playlistcreator.pas"/>
        <Caret Line="196" Column="34" TopLine="167"/>
      </Position26>
      <Position27>
        <Filename Value="playlistcreator.pas"/>
        <Caret Line="197" Column="29" TopLine="168"/>
      </Position27>
      <Position28>
        <Filename Value="playlistcreator.pas"/>
        <Caret Line="201" Column="34" TopLine="172"/>
      </Position28>
      <Position29>
        <Filename Value="playlistcreator.pas"/>
        <Caret Line="203" Column="18" TopLine="174"/>
      </Position29>
      <Position30>
        <Filename Value="playlistcreator.pas"/>
        <Caret Line="177" Column="29" TopLine="163"/>
      </Position30>
    </JumpHistory>
  </ProjectOptions>
  <CompilerOptions>
    <Version Value="9"/>
    <Target>
      <Filename Value="Clock"/>
    </Target>
    <SearchPaths>
      <IncludeFiles Value="$(ProjOutDir)"/>
      <OtherUnitFiles Value="synapse/source/lib"/>
      <UnitOutputDirectory Value="lib/$(TargetCPU)-$(TargetOS)"/>
    </SearchPaths>
    <CodeGeneration>
      <Optimizations>
        <OptimizationLevel Value="0"/>
      </Optimizations>
    </CodeGeneration>
    <Linking>
      <Debugging>
        <GenerateDebugInfo Value="True"/>
        <GenerateDwarf Value="True"/>
      </Debugging>
      <Options>
        <LinkerOptions Value="-L/home/shaun/lazarus/fpc/libcross"/>
      </Options>
    </Linking>
    <Other>
      <CompilerMessages>
        <UseMsgFile Value="True"/>
      </CompilerMessages>
      <CompilerPath Value="$(CompPath)"/>
      <ExecuteAfter>
        <Command Value="arm-linux-strip -s /home/shaun/Projects/Clock/Clock"/>
        <CompileReasons Compile="False" Build="False" Run="False"/>
      </ExecuteAfter>
    </Other>
  </CompilerOptions>
  <Debugging>
    <Exceptions Count="3">
      <Item1>
        <Name Value="EAbort"/>
      </Item1>
      <Item2>
        <Name Value="ECodetoolError"/>
      </Item2>
      <Item3>
        <Name Value="EFOpenError"/>
      </Item3>
    </Exceptions>
  </Debugging>
</CONFIG>
